
Microsoft Visual Studio Solution File, Format Version 12.00
# Visual Studio Version 17
VisualStudioVersion = 17.7.34221.43
MinimumVisualStudioVersion = 10.0.40219.1
Project("{FAE04EC0-301F-11D3-BF4B-00C04F79EFBC}") = "tema18prkt2", "tema18prkt2.csproj", "{2BAE70E3-8EBB-4048-A591-635BD3E6FA8F}"
EndProject
Global
	GlobalSection(SolutionConfigurationPlatforms) = preSolution
		Debug|Any CPU = Debug|Any CPU
		Release|Any CPU = Release|Any CPU
	EndGlobalSection
	GlobalSection(ProjectConfigurationPlatforms) = postSolution
		{2BAE70E3-8EBB-4048-A591-635BD3E6FA8F}.Debug|Any CPU.ActiveCfg = Debug|Any CPU
		{2BAE70E3-8EBB-4048-A591-635BD3E6FA8F}.Debug|Any CPU.Build.0 = Debug|Any CPU
		{2BAE70E3-8EBB-4048-A591-635BD3E6FA8F}.Release|Any CPU.ActiveCfg = Release|Any CPU
		{2BAE70E3-8EBB-4048-A591-635BD3E6FA8F}.Release|Any CPU.Build.0 = Release|Any CPU
	EndGlobalSection
	GlobalSection(SolutionProperties) = preSolution
		HideSolutionNode = FALSE
	EndGlobalSection
	GlobalSection(ExtensibilityGlobals) = postSolution
		SolutionGuid = {49FFE614-9B5D-4459-A452-CD7E333A9945}
	EndGlobalSection
EndGlobal
